{
  "requires": true,
  "lockfileVersion": 1,
  "dependencies": {
    "hover-on": {
      "version": "1.0.4",
      "resolved": "https://registry.npmjs.org/hover-on/-/hover-on-1.0.4.tgz",
      "integrity": "sha512-zV0bjIJH/fmDfv0PRQqNsAIcFOQ/ZVb0rPp3VGlMsMfkH8XLDKxmTM4fho3A9hi+OGxrZRvX3eOf2uSIBX9bPA=="
    }
  }
}
